// !$*UTF8*$!
{
	archiveVersion = 1;
	classes = {
	};
	objectVersion = 50;
	objects = {

/* Begin PBXBuildFile section */
		452AFC2824173CC200807C2B /* SettingsVC.swift in Sources */ = {isa = PBXBuildFile; fileRef = 452AFC2724173CC200807C2B /* SettingsVC.swift */; };
		45324E802416ED4F00BC4316 /* weatherCell.swift in Sources */ = {isa = PBXBuildFile; fileRef = 45324E7F2416ED4F00BC4316 /* weatherCell.swift */; };
		453ED5912416EDEC003897C9 /* WeatherVC-Tableview.swift in Sources */ = {isa = PBXBuildFile; fileRef = 453ED5902416EDEC003897C9 /* WeatherVC-Tableview.swift */; };
		455EF2322416048300D70A48 /* AppDelegate.swift in Sources */ = {isa = PBXBuildFile; fileRef = 455EF2312416048300D70A48 /* AppDelegate.swift */; };
		455EF2342416048300D70A48 /* SceneDelegate.swift in Sources */ = {isa = PBXBuildFile; fileRef = 455EF2332416048300D70A48 /* SceneDelegate.swift */; };
		455EF2362416048300D70A48 /* WeatherVC.swift in Sources */ = {isa = PBXBuildFile; fileRef = 455EF2352416048300D70A48 /* WeatherVC.swift */; };
		455EF2392416048300D70A48 /* Main.storyboard in Resources */ = {isa = PBXBuildFile; fileRef = 455EF2372416048300D70A48 /* Main.storyboard */; };
		455EF23B2416048300D70A48 /* Assets.xcassets in Resources */ = {isa = PBXBuildFile; fileRef = 455EF23A2416048300D70A48 /* Assets.xcassets */; };
		455EF23E2416048300D70A48 /* LaunchScreen.storyboard in Resources */ = {isa = PBXBuildFile; fileRef = 455EF23C2416048300D70A48 /* LaunchScreen.storyboard */; };
		455EF2492416048300D70A48 /* Weather_AppTests.swift in Sources */ = {isa = PBXBuildFile; fileRef = 455EF2482416048300D70A48 /* Weather_AppTests.swift */; };
		455EF2542416048300D70A48 /* Weather_AppUITests.swift in Sources */ = {isa = PBXBuildFile; fileRef = 455EF2532416048300D70A48 /* Weather_AppUITests.swift */; };
		455EF268241605CE00D70A48 /* WeatherVC-CLLocation.swift in Sources */ = {isa = PBXBuildFile; fileRef = 455EF267241605CE00D70A48 /* WeatherVC-CLLocation.swift */; };
		455EF26A241606F000D70A48 /* Forecast.swift in Sources */ = {isa = PBXBuildFile; fileRef = 455EF269241606F000D70A48 /* Forecast.swift */; };
		455EF26E24160A8900D70A48 /* ApiManager.swift in Sources */ = {isa = PBXBuildFile; fileRef = 455EF26D24160A8900D70A48 /* ApiManager.swift */; };
/* End PBXBuildFile section */

/* Begin PBXContainerItemProxy section */
		455EF2452416048300D70A48 /* PBXContainerItemProxy */ = {
			isa = PBXContainerItemProxy;
			containerPortal = 455EF2262416048300D70A48 /* Project object */;
			proxyType = 1;
			remoteGlobalIDString = 455EF22D2416048300D70A48;
			remoteInfo = "Weather App";
		};
		455EF2502416048300D70A48 /* PBXContainerItemProxy */ = {
			isa = PBXContainerItemProxy;
			containerPortal = 455EF2262416048300D70A48 /* Project object */;
			proxyType = 1;
			remoteGlobalIDString = 455EF22D2416048300D70A48;
			remoteInfo = "Weather App";
		};
/* End PBXContainerItemProxy section */

/* Begin PBXFileReference section */
		452AFC2724173CC200807C2B /* SettingsVC.swift */ = {isa = PBXFileReference; lastKnownFileType = sourcecode.swift; path = SettingsVC.swift; sourceTree = "<group>"; };
		45324E7F2416ED4F00BC4316 /* weatherCell.swift */ = {isa = PBXFileReference; lastKnownFileType = sourcecode.swift; path = weatherCell.swift; sourceTree = "<group>"; };
		453ED5902416EDEC003897C9 /* WeatherVC-Tableview.swift */ = {isa = PBXFileReference; lastKnownFileType = sourcecode.swift; path = "WeatherVC-Tableview.swift"; sourceTree = "<group>"; };
		455EF22E2416048300D70A48 /* Weather App.app */ = {isa = PBXFileReference; explicitFileType = wrapper.application; includeInIndex = 0; path = "Weather App.app"; sourceTree = BUILT_PRODUCTS_DIR; };
		455EF2312416048300D70A48 /* AppDelegate.swift */ = {isa = PBXFileReference; lastKnownFileType = sourcecode.swift; path = AppDelegate.swift; sourceTree = "<group>"; };
		455EF2332416048300D70A48 /* SceneDelegate.swift */ = {isa = PBXFileReference; lastKnownFileType = sourcecode.swift; path = SceneDelegate.swift; sourceTree = "<group>"; };
		455EF2352416048300D70A48 /* WeatherVC.swift */ = {isa = PBXFileReference; lastKnownFileType = sourcecode.swift; path = WeatherVC.swift; sourceTree = "<group>"; };
		455EF2382416048300D70A48 /* Base */ = {isa = PBXFileReference; lastKnownFileType = file.storyboard; name = Base; path = Base.lproj/Main.storyboard; sourceTree = "<group>"; };
		455EF23A2416048300D70A48 /* Assets.xcassets */ = {isa = PBXFileReference; lastKnownFileType = folder.assetcatalog; path = Assets.xcassets; sourceTree = "<group>"; };
		455EF23D2416048300D70A48 /* Base */ = {isa = PBXFileReference; lastKnownFileType = file.storyboard; name = Base; path = Base.lproj/LaunchScreen.storyboard; sourceTree = "<group>"; };
		455EF23F2416048300D70A48 /* Info.plist */ = {isa = PBXFileReference; lastKnownFileType = text.plist.xml; path = Info.plist; sourceTree = "<group>"; };
		455EF2442416048300D70A48 /* Weather AppTests.xctest */ = {isa = PBXFileReference; explicitFileType = wrapper.cfbundle; includeInIndex = 0; path = "Weather AppTests.xctest"; sourceTree = BUILT_PRODUCTS_DIR; };
		455EF2482416048300D70A48 /* Weather_AppTests.swift */ = {isa = PBXFileReference; lastKnownFileType = sourcecode.swift; path = Weather_AppTests.swift; sourceTree = "<group>"; };
		455EF24A2416048300D70A48 /* Info.plist */ = {isa = PBXFileReference; lastKnownFileType = text.plist.xml; path = Info.plist; sourceTree = "<group>"; };
		455EF24F2416048300D70A48 /* Weather AppUITests.xctest */ = {isa = PBXFileReference; explicitFileType = wrapper.cfbundle; includeInIndex = 0; path = "Weather AppUITests.xctest"; sourceTree = BUILT_PRODUCTS_DIR; };
		455EF2532416048300D70A48 /* Weather_AppUITests.swift */ = {isa = PBXFileReference; lastKnownFileType = sourcecode.swift; path = Weather_AppUITests.swift; sourceTree = "<group>"; };
		455EF2552416048300D70A48 /* Info.plist */ = {isa = PBXFileReference; lastKnownFileType = text.plist.xml; path = Info.plist; sourceTree = "<group>"; };
		455EF267241605CE00D70A48 /* WeatherVC-CLLocation.swift */ = {isa = PBXFileReference; lastKnownFileType = sourcecode.swift; path = "WeatherVC-CLLocation.swift"; sourceTree = "<group>"; };
		455EF269241606F000D70A48 /* Forecast.swift */ = {isa = PBXFileReference; lastKnownFileType = sourcecode.swift; path = Forecast.swift; sourceTree = "<group>"; };
		455EF26D24160A8900D70A48 /* ApiManager.swift */ = {isa = PBXFileReference; lastKnownFileType = sourcecode.swift; path = ApiManager.swift; sourceTree = "<group>"; };
/* End PBXFileReference section */

/* Begin PBXFrameworksBuildPhase section */
		455EF22B2416048300D70A48 /* Frameworks */ = {
			isa = PBXFrameworksBuildPhase;
			buildActionMask = 2147483647;
			files = (
			);
			runOnlyForDeploymentPostprocessing = 0;
		};
		455EF2412416048300D70A48 /* Frameworks */ = {
			isa = PBXFrameworksBuildPhase;
			buildActionMask = 2147483647;
			files = (
			);
			runOnlyForDeploymentPostprocessing = 0;
		};
		455EF24C2416048300D70A48 /* Frameworks */ = {
			isa = PBXFrameworksBuildPhase;
			buildActionMask = 2147483647;
			files = (
			);
			runOnlyForDeploymentPostprocessing = 0;
		};
/* End PBXFrameworksBuildPhase section */

/* Begin PBXGroup section */
		45324E792416DEF300BC4316 /* WeatherVC */ = {
			isa = PBXGroup;
			children = (
				455EF2352416048300D70A48 /* WeatherVC.swift */,
				455EF267241605CE00D70A48 /* WeatherVC-CLLocation.swift */,
				453ED5902416EDEC003897C9 /* WeatherVC-Tableview.swift */,
			);
			path = WeatherVC;
			sourceTree = "<group>";
		};
		455EF2252416048300D70A48 = {
			isa = PBXGroup;
			children = (
				455EF2302416048300D70A48 /* Weather App */,
				455EF2472416048300D70A48 /* Weather AppTests */,
				455EF2522416048300D70A48 /* Weather AppUITests */,
				455EF22F2416048300D70A48 /* Products */,
			);
			sourceTree = "<group>";
		};
		455EF22F2416048300D70A48 /* Products */ = {
			isa = PBXGroup;
			children = (
				455EF22E2416048300D70A48 /* Weather App.app */,
				455EF2442416048300D70A48 /* Weather AppTests.xctest */,
				455EF24F2416048300D70A48 /* Weather AppUITests.xctest */,
			);
			name = Products;
			sourceTree = "<group>";
		};
		455EF2302416048300D70A48 /* Weather App */ = {
			isa = PBXGroup;
			children = (
				455EF264241604FD00D70A48 /* View */,
				455EF263241604F800D70A48 /* Model */,
				455EF262241604EC00D70A48 /* Controller */,
				455EF261241604DC00D70A48 /* Resources */,
			);
			path = "Weather App";
			sourceTree = "<group>";
		};
		455EF2472416048300D70A48 /* Weather AppTests */ = {
			isa = PBXGroup;
			children = (
				455EF2482416048300D70A48 /* Weather_AppTests.swift */,
				455EF24A2416048300D70A48 /* Info.plist */,
			);
			path = "Weather AppTests";
			sourceTree = "<group>";
		};
		455EF2522416048300D70A48 /* Weather AppUITests */ = {
			isa = PBXGroup;
			children = (
				455EF2532416048300D70A48 /* Weather_AppUITests.swift */,
				455EF2552416048300D70A48 /* Info.plist */,
			);
			path = "Weather AppUITests";
			sourceTree = "<group>";
		};
		455EF261241604DC00D70A48 /* Resources */ = {
			isa = PBXGroup;
			children = (
				455EF2312416048300D70A48 /* AppDelegate.swift */,
				455EF2332416048300D70A48 /* SceneDelegate.swift */,
				455EF2372416048300D70A48 /* Main.storyboard */,
				455EF23A2416048300D70A48 /* Assets.xcassets */,
				455EF23C2416048300D70A48 /* LaunchScreen.storyboard */,
				455EF23F2416048300D70A48 /* Info.plist */,
			);
			path = Resources;
			sourceTree = "<group>";
		};
		455EF262241604EC00D70A48 /* Controller */ = {
			isa = PBXGroup;
			children = (
				452AFC2724173CC200807C2B /* SettingsVC.swift */,
				45324E792416DEF300BC4316 /* WeatherVC */,
			);
			path = Controller;
			sourceTree = "<group>";
		};
		455EF263241604F800D70A48 /* Model */ = {
			isa = PBXGroup;
			children = (
				455EF269241606F000D70A48 /* Forecast.swift */,
				455EF26D24160A8900D70A48 /* ApiManager.swift */,
			);
			path = Model;
			sourceTree = "<group>";
		};
		455EF264241604FD00D70A48 /* View */ = {
			isa = PBXGroup;
			children = (
				45324E7F2416ED4F00BC4316 /* weatherCell.swift */,
			);
			path = View;
			sourceTree = "<group>";
		};
/* End PBXGroup section */

/* Begin PBXNativeTarget section */
		455EF22D2416048300D70A48 /* Weather App */ = {
			isa = PBXNativeTarget;
			buildConfigurationList = 455EF2582416048300D70A48 /* Build configuration list for PBXNativeTarget "Weather App" */;
			buildPhases = (
				455EF22A2416048300D70A48 /* Sources */,
				455EF22B2416048300D70A48 /* Frameworks */,
				455EF22C2416048300D70A48 /* Resources */,
			);
			buildRules = (
			);
			dependencies = (
			);
			name = "Weather App";
			productName = "Weather App";
			productReference = 455EF22E2416048300D70A48 /* Weather App.app */;
			productType = "com.apple.product-type.application";
		};
		455EF2432416048300D70A48 /* Weather AppTests */ = {
			isa = PBXNativeTarget;
			buildConfigurationList = 455EF25B2416048300D70A48 /* Build configuration list for PBXNativeTarget "Weather AppTests" */;
			buildPhases = (
				455EF2402416048300D70A48 /* Sources */,
				455EF2412416048300D70A48 /* Frameworks */,
				455EF2422416048300D70A48 /* Resources */,
			);
			buildRules = (
			);
			dependencies = (
				455EF2462416048300D70A48 /* PBXTargetDependency */,
			);
			name = "Weather AppTests";
			productName = "Weather AppTests";
			productReference = 455EF2442416048300D70A48 /* Weather AppTests.xctest */;
			productType = "com.apple.product-type.bundle.unit-test";
		};
		455EF24E2416048300D70A48 /* Weather AppUITests */ = {
			isa = PBXNativeTarget;
			buildConfigurationList = 455EF25E2416048300D70A48 /* Build configuration list for PBXNativeTarget "Weather AppUITests" */;
			buildPhases = (
				455EF24B2416048300D70A48 /* Sources */,
				455EF24C2416048300D70A48 /* Frameworks */,
				455EF24D2416048300D70A48 /* Resources */,
			);
			buildRules = (
			);
			dependencies = (
				455EF2512416048300D70A48 /* PBXTargetDependency */,
			);
			name = "Weather AppUITests";
			productName = "Weather AppUITests";
			productReference = 455EF24F2416048300D70A48 /* Weather AppUITests.xctest */;
			productType = "com.apple.product-type.bundle.ui-testing";
		};
/* End PBXNativeTarget section */

/* Begin PBXProject section */
		455EF2262416048300D70A48 /* Project object */ = {
			isa = PBXProject;
			attributes = {
				LastSwiftUpdateCheck = 1130;
				LastUpgradeCheck = 1130;
				ORGANIZATIONNAME = "Olivia Li";
				TargetAttributes = {
					455EF22D2416048300D70A48 = {
						CreatedOnToolsVersion = 11.3.1;
					};
					455EF2432416048300D70A48 = {
						CreatedOnToolsVersion = 11.3.1;
						TestTargetID = 455EF22D2416048300D70A48;
					};
					455EF24E2416048300D70A48 = {
						CreatedOnToolsVersion = 11.3.1;
						TestTargetID = 455EF22D2416048300D70A48;
					};
				};
			};
			buildConfigurationList = 455EF2292416048300D70A48 /* Build configuration list for PBXProject "Weather App" */;
			compatibilityVersion = "Xcode 9.3";
			developmentRegion = en;
			hasScannedForEncodings = 0;
			knownRegions = (
				en,
				Base,
			);
			mainGroup = 455EF2252416048300D70A48;
			productRefGroup = 455EF22F2416048300D70A48 /* Products */;
			projectDirPath = "";
			projectRoot = "";
			targets = (
				455EF22D2416048300D70A48 /* Weather App */,
				455EF2432416048300D70A48 /* Weather AppTests */,
				455EF24E2416048300D70A48 /* Weather AppUITests */,
			);
		};
/* End PBXProject section */

/* Begin PBXResourcesBuildPhase section */
		455EF22C2416048300D70A48 /* Resources */ = {
			isa = PBXResourcesBuildPhase;
			buildActionMask = 2147483647;
			files = (
				455EF23E2416048300D70A48 /* LaunchScreen.storyboard in Resources */,
				455EF23B2416048300D70A48 /* Assets.xcassets in Resources */,
				455EF2392416048300D70A48 /* Main.storyboard in Resources */,
			);
			runOnlyForDeploymentPostprocessing = 0;
		};
		455EF2422416048300D70A48 /* Resources */ = {
			isa = PBXResourcesBuildPhase;
			buildActionMask = 2147483647;
			files = (
			);
			runOnlyForDeploymentPostprocessing = 0;
		};
		455EF24D2416048300D70A48 /* Resources */ = {
			isa = PBXResourcesBuildPhase;
			buildActionMask = 2147483647;
			files = (
			);
			runOnlyForDeploymentPostprocessing = 0;
		};
/* End PBXResourcesBuildPhase section */

/* Begin PBXSourcesBuildPhase section */
		455EF22A2416048300D70A48 /* Sources */ = {
			isa = PBXSourcesBuildPhase;
			buildActionMask = 2147483647;
			files = (
				45324E802416ED4F00BC4316 /* weatherCell.swift in Sources */,
				455EF2362416048300D70A48 /* WeatherVC.swift in Sources */,
				455EF2322416048300D70A48 /* AppDelegate.swift in Sources */,
				453ED5912416EDEC003897C9 /* WeatherVC-Tableview.swift in Sources */,
				455EF2342416048300D70A48 /* SceneDelegate.swift in Sources */,
				455EF268241605CE00D70A48 /* WeatherVC-CLLocation.swift in Sources */,
				455EF26E24160A8900D70A48 /* ApiManager.swift in Sources */,
				455EF26A241606F000D70A48 /* Forecast.swift in Sources */,
				452AFC2824173CC200807C2B /* SettingsVC.swift in Sources */,
			);
			runOnlyForDeploymentPostprocessing = 0;
		};
		455EF2402416048300D70A48 /* Sources */ = {
			isa = PBXSourcesBuildPhase;
			buildActionMask = 2147483647;
			files = (
				455EF2492416048300D70A48 /* Weather_AppTests.swift in Sources */,
			);
			runOnlyForDeploymentPostprocessing = 0;
		};
		455EF24B2416048300D70A48 /* Sources */ = {
			isa = PBXSourcesBuildPhase;
			buildActionMask = 2147483647;
			files = (
				455EF2542416048300D70A48 /* Weather_AppUITests.swift in Sources */,
			);
			runOnlyForDeploymentPostprocessing = 0;
		};
/* End PBXSourcesBuildPhase section */

/* Begin PBXTargetDependency section */
		455EF2462416048300D70A48 /* PBXTargetDependency */ = {
			isa = PBXTargetDependency;
			target = 455EF22D2416048300D70A48 /* Weather App */;
			targetProxy = 455EF2452416048300D70A48 /* PBXContainerItemProxy */;
		};
		455EF2512416048300D70A48 /* PBXTargetDependency */ = {
			isa = PBXTargetDependency;
			target = 455EF22D2416048300D70A48 /* Weather App */;
			targetProxy = 455EF2502416048300D70A48 /* PBXContainerItemProxy */;
		};
/* End PBXTargetDependency section */

/* Begin PBXVariantGroup section */
		455EF2372416048300D70A48 /* Main.storyboard */ = {
			isa = PBXVariantGroup;
			children = (
				455EF2382416048300D70A48 /* Base */,
			);
			name = Main.storyboard;
			sourceTree = "<group>";
		};
		455EF23C2416048300D70A48 /* LaunchScreen.storyboard */ = {
			isa = PBXVariantGroup;
			children = (
				455EF23D2416048300D70A48 /* Base */,
			);
			name = LaunchScreen.storyboard;
			sourceTree = "<group>";
		};
/* End PBXVariantGroup section */

/* Begin XCBuildConfiguration section */
		455EF2562416048300D70A48 /* Debug */ = {
			isa = XCBuildConfiguration;
			buildSettings = {
				ALWAYS_SEARCH_USER_PATHS = NO;
				CLANG_ANALYZER_NONNULL = YES;
				CLANG_ANALYZER_NUMBER_OBJECT_CONVERSION = YES_AGGRESSIVE;
				CLANG_CXX_LANGUAGE_STANDARD = "gnu++14";
				CLANG_CXX_LIBRARY = "libc++";
				CLANG_ENABLE_MODULES = YES;
				CLANG_ENABLE_OBJC_ARC = YES;
				CLANG_ENABLE_OBJC_WEAK = YES;
				CLANG_WARN_BLOCK_CAPTURE_AUTORELEASING = YES;
				CLANG_WARN_BOOL_CONVERSION = YES;
				CLANG_WARN_COMMA = YES;
				CLANG_WARN_CONSTANT_CONVERSION = YES;
				CLANG_WARN_DEPRECATED_OBJC_IMPLEMENTATIONS = YES;
				CLANG_WARN_DIRECT_OBJC_ISA_USAGE = YES_ERROR;
				CLANG_WARN_DOCUMENTATION_COMMENTS = YES;
				CLANG_WARN_EMPTY_BODY = YES;
				CLANG_WARN_ENUM_CONVERSION = YES;
				CLANG_WARN_INFINITE_RECURSION = YES;
				CLANG_WARN_INT_CONVERSION = YES;
				CLANG_WARN_NON_LITERAL_NULL_CONVERSION = YES;
				CLANG_WARN_OBJC_IMPLICIT_RETAIN_SELF = YES;
				CLANG_WARN_OBJC_LITERAL_CONVERSION = YES;
				CLANG_WARN_OBJC_ROOT_CLASS = YES_ERROR;
				CLANG_WARN_RANGE_LOOP_ANALYSIS = YES;
				CLANG_WARN_STRICT_PROTOTYPES = YES;
				CLANG_WARN_SUSPICIOUS_MOVE = YES;
				CLANG_WARN_UNGUARDED_AVAILABILITY = YES_AGGRESSIVE;
				CLANG_WARN_UNREACHABLE_CODE = YES;
				CLANG_WARN__DUPLICATE_METHOD_MATCH = YES;
				COPY_PHASE_STRIP = NO;
				DEBUG_INFORMATION_FORMAT = dwarf;
				ENABLE_STRICT_OBJC_MSGSEND = YES;
				ENABLE_TESTABILITY = YES;
				GCC_C_LANGUAGE_STANDARD = gnu11;
				GCC_DYNAMIC_NO_PIC = NO;
				GCC_NO_COMMON_BLOCKS = YES;
				GCC_OPTIMIZATION_LEVEL = 0;
				GCC_PREPROCESSOR_DEFINITIONS = (
					"DEBUG=1",
					"$(inherited)",
				);
				GCC_WARN_64_TO_32_BIT_CONVERSION = YES;
				GCC_WARN_ABOUT_RETURN_TYPE = YES_ERROR;
				GCC_WARN_UNDECLARED_SELECTOR = YES;
				GCC_WARN_UNINITIALIZED_AUTOS = YES_AGGRESSIVE;
				GCC_WARN_UNUSED_FUNCTION = YES;
				GCC_WARN_UNUSED_VARIABLE = YES;
				IPHONEOS_DEPLOYMENT_TARGET = 13.2;
				MTL_ENABLE_DEBUG_INFO = INCLUDE_SOURCE;
				MTL_FAST_MATH = YES;
				ONLY_ACTIVE_ARCH = YES;
				SDKROOT = iphoneos;
				SWIFT_ACTIVE_COMPILATION_CONDITIONS = DEBUG;
				SWIFT_OPTIMIZATION_LEVEL = "-Onone";
			};
			name = Debug;
		};
		455EF2572416048300D70A48 /* Release */ = {
			isa = XCBuildConfiguration;
			buildSettings = {
				ALWAYS_SEARCH_USER_PATHS = NO;
				CLANG_ANALYZER_NONNULL = YES;
				CLANG_ANALYZER_NUMBER_OBJECT_CONVERSION = YES_AGGRESSIVE;
				CLANG_CXX_LANGUAGE_STANDARD = "gnu++14";
				CLANG_CXX_LIBRARY = "libc++";
				CLANG_ENABLE_MODULES = YES;
				CLANG_ENABLE_OBJC_ARC = YES;
				CLANG_ENABLE_OBJC_WEAK = YES;
				CLANG_WARN_BLOCK_CAPTURE_AUTORELEASING = YES;
				CLANG_WARN_BOOL_CONVERSION = YES;
				CLANG_WARN_COMMA = YES;
				CLANG_WARN_CONSTANT_CONVERSION = YES;
				CLANG_WARN_DEPRECATED_OBJC_IMPLEMENTATIONS = YES;
				CLANG_WARN_DIRECT_OBJC_ISA_USAGE = YES_ERROR;
				CLANG_WARN_DOCUMENTATION_COMMENTS = YES;
				CLANG_WARN_EMPTY_BODY = YES;
				CLANG_WARN_ENUM_CONVERSION = YES;
				CLANG_WARN_INFINITE_RECURSION = YES;
				CLANG_WARN_INT_CONVERSION = YES;
				CLANG_WARN_NON_LITERAL_NULL_CONVERSION = YES;
				CLANG_WARN_OBJC_IMPLICIT_RETAIN_SELF = YES;
				CLANG_WARN_OBJC_LITERAL_CONVERSION = YES;
				CLANG_WARN_OBJC_ROOT_CLASS = YES_ERROR;
				CLANG_WARN_RANGE_LOOP_ANALYSIS = YES;
				CLANG_WARN_STRICT_PROTOTYPES = YES;
				CLANG_WARN_SUSPICIOUS_MOVE = YES;
				CLANG_WARN_UNGUARDED_AVAILABILITY = YES_AGGRESSIVE;
				CLANG_WARN_UNREACHABLE_CODE = YES;
				CLANG_WARN__DUPLICATE_METHOD_MATCH = YES;
				COPY_PHASE_STRIP = NO;
				DEBUG_INFORMATION_FORMAT = "dwarf-with-dsym";
				ENABLE_NS_ASSERTIONS = NO;
				ENABLE_STRICT_OBJC_MSGSEND = YES;
				GCC_C_LANGUAGE_STANDARD = gnu11;
				GCC_NO_COMMON_BLOCKS = YES;
				GCC_WARN_64_TO_32_BIT_CONVERSION = YES;
				GCC_WARN_ABOUT_RETURN_TYPE = YES_ERROR;
				GCC_WARN_UNDECLARED_SELECTOR = YES;
				GCC_WARN_UNINITIALIZED_AUTOS = YES_AGGRESSIVE;
				GCC_WARN_UNUSED_FUNCTION = YES;
				GCC_WARN_UNUSED_VARIABLE = YES;
				IPHONEOS_DEPLOYMENT_TARGET = 13.2;
				MTL_ENABLE_DEBUG_INFO = NO;
				MTL_FAST_MATH = YES;
				SDKROOT = iphoneos;
				SWIFT_COMPILATION_MODE = wholemodule;
				SWIFT_OPTIMIZATION_LEVEL = "-O";
				VALIDATE_PRODUCT = YES;
			};
			name = Release;
		};
		455EF2592416048300D70A48 /* Debug */ = {
			isa = XCBuildConfiguration;
			buildSettings = {
				ASSETCATALOG_COMPILER_APPICON_NAME = AppIcon;
				CODE_SIGN_STYLE = Automatic;
				DEVELOPMENT_TEAM = RSR8K28Z58;
				INFOPLIST_FILE = "Weather App/Resources/Info.plist";
				LD_RUNPATH_SEARCH_PATHS = (
					"$(inherited)",
					"@executable_path/Frameworks",
				);
				PRODUCT_BUNDLE_IDENTIFIER = "com.oliviali.Weather-App";
				PRODUCT_NAME = "$(TARGET_NAME)";
				SWIFT_VERSION = 5.0;
				TARGETED_DEVICE_FAMILY = "1,2";
			};
			name = Debug;
		};
		455EF25A2416048300D70A48 /* Release */ = {
			isa = XCBuildConfiguration;
			buildSettings = {
				ASSETCATALOG_COMPILER_APPICON_NAME = AppIcon;
				CODE_SIGN_STYLE = Automatic;
				DEVELOPMENT_TEAM = RSR8K28Z58;
				INFOPLIST_FILE = "Weather App/Resources/Info.plist";
				LD_RUNPATH_SEARCH_PATHS = (
					"$(inherited)",
					"@executable_path/Frameworks",
				);
				PRODUCT_BUNDLE_IDENTIFIER = "com.oliviali.Weather-App";
				PRODUCT_NAME = "$(TARGET_NAME)";
				SWIFT_VERSION = 5.0;
				TARGETED_DEVICE_FAMILY = "1,2";
			};
			name = Release;
		};
		455EF25C2416048300D70A48 /* Debug */ = {
			isa = XCBuildConfiguration;
			buildSettings = {
				ALWAYS_EMBED_SWIFT_STANDARD_LIBRARIES = YES;
				BUNDLE_LOADER = "$(TEST_HOST)";
				CODE_SIGN_STYLE = Automatic;
				INFOPLIST_FILE = "Weather AppTests/Info.plist";
				IPHONEOS_DEPLOYMENT_TARGET = 13.2;
				LD_RUNPATH_SEARCH_PATHS = (
					"$(inherited)",
					"@executable_path/Frameworks",
					"@loader_path/Frameworks",
				);
				PRODUCT_BUNDLE_IDENTIFIER = "com.oliviali.Weather-AppTests";
				PRODUCT_NAME = "$(TARGET_NAME)";
				SWIFT_VERSION = 5.0;
				TARGETED_DEVICE_FAMILY = "1,2";
				TEST_HOST = "$(BUILT_PRODUCTS_DIR)/Weather App.app/Weather App";
			};
			name = Debug;
		};
		455EF25D2416048300D70A48 /* Release */ = {
			isa = XCBuildConfiguration;
			buildSettings = {
				ALWAYS_EMBED_SWIFT_STANDARD_LIBRARIES = YES;
				BUNDLE_LOADER = "$(TEST_HOST)";
				CODE_SIGN_STYLE = Automatic;
				INFOPLIST_FILE = "Weather AppTests/Info.plist";
				IPHONEOS_DEPLOYMENT_TARGET = 13.2;
				LD_RUNPATH_SEARCH_PATHS = (
					"$(inherited)",
					"@executable_path/Frameworks",
					"@loader_path/Frameworks",
				);
				PRODUCT_BUNDLE_IDENTIFIER = "com.oliviali.Weather-AppTests";
				PRODUCT_NAME = "$(TARGET_NAME)";
				SWIFT_VERSION = 5.0;
				TARGETED_DEVICE_FAMILY = "1,2";
				TEST_HOST = "$(BUILT_PRODUCTS_DIR)/Weather App.app/Weather App";
			};
			name = Release;
		};
		455EF25F2416048300D70A48 /* Debug */ = {
			isa = XCBuildConfiguration;
			buildSettings = {
				ALWAYS_EMBED_SWIFT_STANDARD_LIBRARIES = YES;
				CODE_SIGN_STYLE = Automatic;
				INFOPLIST_FILE = "Weather AppUITests/Info.plist";
				LD_RUNPATH_SEARCH_PATHS = (
					"$(inherited)",
					"@executable_path/Frameworks",
					"@loader_path/Frameworks",
				);
				PRODUCT_BUNDLE_IDENTIFIER = "com.oliviali.Weather-AppUITests";
				PRODUCT_NAME = "$(TARGET_NAME)";
				SWIFT_VERSION = 5.0;
				TARGETED_DEVICE_FAMILY = "1,2";
				TEST_TARGET_NAME = "Weather App";
			};
			name = Debug;
		};
		455EF2602416048300D70A48 /* Release */ = {
			isa = XCBuildConfiguration;
			buildSettings = {
				ALWAYS_EMBED_SWIFT_STANDARD_LIBRARIES = YES;
				CODE_SIGN_STYLE = Automatic;
				INFOPLIST_FILE = "Weather AppUITests/Info.plist";
				LD_RUNPATH_SEARCH_PATHS = (
					"$(inherited)",
					"@executable_path/Frameworks",
					"@loader_path/Frameworks",
				);
				PRODUCT_BUNDLE_IDENTIFIER = "com.oliviali.Weather-AppUITests";
				PRODUCT_NAME = "$(TARGET_NAME)";
				SWIFT_VERSION = 5.0;
				TARGETED_DEVICE_FAMILY = "1,2";
				TEST_TARGET_NAME = "Weather App";
			};
			name = Release;
		};
/* End XCBuildConfiguration section */

/* Begin XCConfigurationList section */
		455EF2292416048300D70A48 /* Build configuration list for PBXProject "Weather App" */ = {
			isa = XCConfigurationList;
			buildConfigurations = (
				455EF2562416048300D70A48 /* Debug */,
				455EF2572416048300D70A48 /* Release */,
			);
			defaultConfigurationIsVisible = 0;
			defaultConfigurationName = Release;
		};
		455EF2582416048300D70A48 /* Build configuration list for PBXNativeTarget "Weather App" */ = {
			isa = XCConfigurationList;
			buildConfigurations = (
				455EF2592416048300D70A48 /* Debug */,
				455EF25A2416048300D70A48 /* Release */,
			);
			defaultConfigurationIsVisible = 0;
			defaultConfigurationName = Release;
		};
		455EF25B2416048300D70A48 /* Build configuration list for PBXNativeTarget "Weather AppTests" */ = {
			isa = XCConfigurationList;
			buildConfigurations = (
				455EF25C2416048300D70A48 /* Debug */,
				455EF25D2416048300D70A48 /* Release */,
			);
			defaultConfigurationIsVisible = 0;
			defaultConfigurationName = Release;
		};
		455EF25E2416048300D70A48 /* Build configuration list for PBXNativeTarget "Weather AppUITests" */ = {
			isa = XCConfigurationList;
			buildConfigurations = (
				455EF25F2416048300D70A48 /* Debug */,
				455EF2602416048300D70A48 /* Release */,
			);
			defaultConfigurationIsVisible = 0;
			defaultConfigurationName = Release;
		};
/* End XCConfigurationList section */
	};
	rootObject = 455EF2262416048300D70A48 /* Project object */;
}
